{
  "name": "5w5-EXO02",
  "lockfileVersion": 3,
  "requires": true,
  "packages": {
    "": {
      "dependencies": {
        "ngx-cookie-service": "^18.0.0",
        "rxjs": "^7.8.1"
      }
    },
    "node_modules/@angular/common": {
      "version": "18.2.0",
      "license": "MIT",
      "peer": true,
      "dependencies": {
        "tslib": "^2.3.0"
      },
      "engines": {
        "node": "^18.19.1 || ^20.11.1 || >=22.0.0"
      },
      "peerDependencies": {
        "@angular/core": "18.2.0",
        "rxjs": "^6.5.3 || ^7.4.0"
      }
    },
    "node_modules/@angular/core": {
      "version": "18.2.0",
      "license": "MIT",
      "peer": true,
      "dependencies": {
        "tslib": "^2.3.0"
      },
      "engines": {
        "node": "^18.19.1 || ^20.11.1 || >=22.0.0"
      },
      "peerDependencies": {
        "rxjs": "^6.5.3 || ^7.4.0",
        "zone.js": "~0.14.10"
      }
    },
    "node_modules/ngx-cookie-service": {
      "version": "18.0.0",
      "resolved": "https://registry.npmjs.org/ngx-cookie-service/-/ngx-cookie-service-18.0.0.tgz",
      "integrity": "sha512-hkkUckzZTXXWtFgvVkT2hg6mwYMLXioXDZWBsVCOy9gYkADjsj0N5VViO7eo2izQ0VcMPd/Etog1trf/T4oZMQ==",
      "dependencies": {
        "tslib": "^2.6.2"
      },
      "peerDependencies": {
        "@angular/common": "^18.0.0-rc.0",
        "@angular/core": "^18.0.0-rc.0"
      }
    },
    "node_modules/rxjs": {
      "version": "7.8.1",
      "resolved": "https://registry.npmjs.org/rxjs/-/rxjs-7.8.1.tgz",
      "integrity": "sha512-AA3TVj+0A2iuIoQkWEK/tqFjBq2j+6PO6Y0zJcvzLAFhEFIO3HL0vls9hWLncZbAAbK0mar7oZ4V079I/qPMxg==",
      "dependencies": {
        "tslib": "^2.1.0"
      }
    },
    "node_modules/tslib": {
      "version": "2.6.3",
      "license": "0BSD"
    },
    "node_modules/zone.js": {
      "version": "0.14.10",
      "license": "MIT",
      "peer": true
    }
  }
}
